{
  "name": "transkrug",
  "version": "1.0.0",
  "lockfileVersion": 1,
  "requires": true,
  "dependencies": {
    "@fancyapps/fancybox": {
      "version": "3.5.6",
      "resolved": "https://registry.npmjs.org/@fancyapps/fancybox/-/fancybox-3.5.6.tgz",
      "integrity": "sha512-Hp83AAWb0uNR7ekGQExGv0fMJEa/0t97Ab1aPk2hopWnKKpFI6acnIssJ2SD2YCBqv5Rb4W+lHDJTtJPRbcqhA=="
    },
    "@fortawesome/fontawesome-free": {
      "version": "5.6.1",
      "resolved": "https://registry.npmjs.org/@fortawesome/fontawesome-free/-/fontawesome-free-5.6.1.tgz",
      "integrity": "sha512-0afQfB+HBeJHlXPzcF2Jjh78SbwPSkDjba/O7pZFzAW3WGKNzd4s4AqrZo7oIlMWGnfoyDo8+QeosK0+DTDrTg==",
      "dev": true
    },
    "animate.css": {
      "version": "3.7.0",
      "resolved": "https://registry.npmjs.org/animate.css/-/animate.css-3.7.0.tgz",
      "integrity": "sha512-u3iMXDJr0cxMdQocIciDiou9Au4L5f9uT+/jCtprw3s1j3HcfCuI+khF+90Ps2KdsEhM2soF7SXB4WUvI3HlXg=="
    },
    "bootstrap": {
      "version": "4.1.3",
      "resolved": "https://registry.npmjs.org/bootstrap/-/bootstrap-4.1.3.tgz",
      "integrity": "sha512-rDFIzgXcof0jDyjNosjv4Sno77X4KuPeFxG2XZZv1/Kc8DRVGVADdoQyyOVDwPqL36DDmtCQbrpMCqvpPLJQ0w=="
    },
    "jquery": {
      "version": "3.3.1",
      "resolved": "https://registry.npmjs.org/jquery/-/jquery-3.3.1.tgz",
      "integrity": "sha512-Ubldcmxp5np52/ENotGxlLe6aGMvmF4R8S6tZjsP6Knsaxd/xp3Zrh50cG93lR6nPXyUFwzN3ZSOQI0wRJNdGg=="
    },
    "jquery.inputmask": {
      "version": "3.3.4",
      "resolved": "https://registry.npmjs.org/jquery.inputmask/-/jquery.inputmask-3.3.4.tgz",
      "integrity": "sha1-/0qP0Zb5/iihf9d6LaV5wVp4pgY="
    },
    "jquery.scrollbar": {
      "version": "0.2.11",
      "resolved": "https://registry.npmjs.org/jquery.scrollbar/-/jquery.scrollbar-0.2.11.tgz",
      "integrity": "sha1-6RvUqX2DhZRjAk0m5zDcNmdqtZ0="
    },
    "owl.carousel": {
      "version": "2.3.4",
      "resolved": "https://registry.npmjs.org/owl.carousel/-/owl.carousel-2.3.4.tgz",
      "integrity": "sha512-JaDss9+feAvEW8KZppPSpllfposEzQiW+Ytt/Xm5t/3CTJ7YVmkh6RkWixoA2yXk2boIwedYxOvrrppIGzru9A==",
      "requires": {
        "jquery": "3.3.1"
      }
    },
    "popper.js": {
      "version": "1.14.6",
      "resolved": "https://registry.npmjs.org/popper.js/-/popper.js-1.14.6.tgz",
      "integrity": "sha512-AGwHGQBKumlk/MDfrSOf0JHhJCImdDMcGNoqKmKkU+68GFazv3CQ6q9r7Ja1sKDZmYWTckY/uLyEznheTDycnA=="
    },
    "wowjs": {
      "version": "1.1.3",
      "resolved": "https://registry.npmjs.org/wowjs/-/wowjs-1.1.3.tgz",
      "integrity": "sha1-RA/Bu0x+iWhA7keXIpaitZB1rL0=",
      "requires": {
        "animate.css": "3.7.0"
      },
      "dependencies": {
        "animate.css": {
          "version": "3.7.0",
          "resolved": "https://registry.npmjs.org/animate.css/-/animate.css-3.7.0.tgz",
          "integrity": "sha512-u3iMXDJr0cxMdQocIciDiou9Au4L5f9uT+/jCtprw3s1j3HcfCuI+khF+90Ps2KdsEhM2soF7SXB4WUvI3HlXg=="
        }
      }
    }
  }
}
